// !$*UTF8*$!
{
	archiveVersion = 1;
	classes = {
	};
	objectVersion = 50;
	objects = {

/* Begin PBXBuildFile section */
		66BF8DED25BEAD9B00C1256B /* giphy.gif in Resources */ = {isa = PBXBuildFile; fileRef = 66BF8DEC25BEAD9B00C1256B /* giphy.gif */; };
		66DFF2F525BE849D00E2DB8F /* AppDelegate.swift in Sources */ = {isa = PBXBuildFile; fileRef = 66DFF2F425BE849D00E2DB8F /* AppDelegate.swift */; };
		66DFF2F725BE849D00E2DB8F /* SceneDelegate.swift in Sources */ = {isa = PBXBuildFile; fileRef = 66DFF2F625BE849D00E2DB8F /* SceneDelegate.swift */; };
		66DFF2F925BE849D00E2DB8F /* ViewController.swift in Sources */ = {isa = PBXBuildFile; fileRef = 66DFF2F825BE849D00E2DB8F /* ViewController.swift */; };
		66DFF2FC25BE849D00E2DB8F /* Main.storyboard in Resources */ = {isa = PBXBuildFile; fileRef = 66DFF2FA25BE849D00E2DB8F /* Main.storyboard */; };
		66DFF2FE25BE84A000E2DB8F /* Assets.xcassets in Resources */ = {isa = PBXBuildFile; fileRef = 66DFF2FD25BE84A000E2DB8F /* Assets.xcassets */; };
		66DFF30125BE84A000E2DB8F /* LaunchScreen.storyboard in Resources */ = {isa = PBXBuildFile; fileRef = 66DFF2FF25BE84A000E2DB8F /* LaunchScreen.storyboard */; };
/* End PBXBuildFile section */

/* Begin PBXFileReference section */
		66BF8DEC25BEAD9B00C1256B /* giphy.gif */ = {isa = PBXFileReference; lastKnownFileType = image.gif; path = giphy.gif; sourceTree = "<group>"; };
		66DFF2F125BE849D00E2DB8F /* Theme Park Design.app */ = {isa = PBXFileReference; explicitFileType = wrapper.application; includeInIndex = 0; path = "Theme Park Design.app"; sourceTree = BUILT_PRODUCTS_DIR; };
		66DFF2F425BE849D00E2DB8F /* AppDelegate.swift */ = {isa = PBXFileReference; lastKnownFileType = sourcecode.swift; path = AppDelegate.swift; sourceTree = "<group>"; };
		66DFF2F625BE849D00E2DB8F /* SceneDelegate.swift */ = {isa = PBXFileReference; lastKnownFileType = sourcecode.swift; path = SceneDelegate.swift; sourceTree = "<group>"; };
		66DFF2F825BE849D00E2DB8F /* ViewController.swift */ = {isa = PBXFileReference; lastKnownFileType = sourcecode.swift; path = ViewController.swift; sourceTree = "<group>"; };
		66DFF2FB25BE849D00E2DB8F /* Base */ = {isa = PBXFileReference; lastKnownFileType = file.storyboard; name = Base; path = Base.lproj/Main.storyboard; sourceTree = "<group>"; };
		66DFF2FD25BE84A000E2DB8F /* Assets.xcassets */ = {isa = PBXFileReference; lastKnownFileType = folder.assetcatalog; path = Assets.xcassets; sourceTree = "<group>"; };
		66DFF30025BE84A000E2DB8F /* Base */ = {isa = PBXFileReference; lastKnownFileType = file.storyboard; name = Base; path = Base.lproj/LaunchScreen.storyboard; sourceTree = "<group>"; };
		66DFF30225BE84A000E2DB8F /* Info.plist */ = {isa = PBXFileReference; lastKnownFileType = text.plist.xml; path = Info.plist; sourceTree = "<group>"; };
/* End PBXFileReference section */

/* Begin PBXFrameworksBuildPhase section */
		66DFF2EE25BE849D00E2DB8F /* Frameworks */ = {
			isa = PBXFrameworksBuildPhase;
			buildActionMask = 2147483647;
			files = (
			);
			runOnlyForDeploymentPostprocessing = 0;
		};
/* End PBXFrameworksBuildPhase section */

/* Begin PBXGroup section */
		66DFF2E825BE849D00E2DB8F = {
			isa = PBXGroup;
			children = (
				66DFF2F325BE849D00E2DB8F /* Theme Park Design */,
				66DFF2F225BE849D00E2DB8F /* Products */,
			);
			sourceTree = "<group>";
		};
		66DFF2F225BE849D00E2DB8F /* Products */ = {
			isa = PBXGroup;
			children = (
				66DFF2F125BE849D00E2DB8F /* Theme Park Design.app */,
			);
			name = Products;
			sourceTree = "<group>";
		};
		66DFF2F325BE849D00E2DB8F /* Theme Park Design */ = {
			isa = PBXGroup;
			children = (
				66DFF2F425BE849D00E2DB8F /* AppDelegate.swift */,
				66DFF2F625BE849D00E2DB8F /* SceneDelegate.swift */,
				66DFF2F825BE849D00E2DB8F /* ViewController.swift */,
				66DFF2FA25BE849D00E2DB8F /* Main.storyboard */,
				66DFF2FD25BE84A000E2DB8F /* Assets.xcassets */,
				66BF8DEC25BEAD9B00C1256B /* giphy.gif */,
				66DFF2FF25BE84A000E2DB8F /* LaunchScreen.storyboard */,
				66DFF30225BE84A000E2DB8F /* Info.plist */,
			);
			path = "Theme Park Design";
			sourceTree = "<group>";
		};
/* End PBXGroup section */

/* Begin PBXNativeTarget section */
		66DFF2F025BE849D00E2DB8F /* Theme Park Design */ = {
			isa = PBXNativeTarget;
			buildConfigurationList = 66DFF30525BE84A000E2DB8F /* Build configuration list for PBXNativeTarget "Theme Park Design" */;
			buildPhases = (
				66DFF2ED25BE849D00E2DB8F /* Sources */,
				66DFF2EE25BE849D00E2DB8F /* Frameworks */,
				66DFF2EF25BE849D00E2DB8F /* Resources */,
			);
			buildRules = (
			);
			dependencies = (
			);
			name = "Theme Park Design";
			productName = "Theme Park Design";
			productReference = 66DFF2F125BE849D00E2DB8F /* Theme Park Design.app */;
			productType = "com.apple.product-type.application";
		};
/* End PBXNativeTarget section */

/* Begin PBXProject section */
		66DFF2E925BE849D00E2DB8F /* Project object */ = {
			isa = PBXProject;
			attributes = {
				LastSwiftUpdateCheck = 1170;
				LastUpgradeCheck = 1170;
				ORGANIZATIONNAME = "Sunitha Balasubramanian";
				TargetAttributes = {
					66DFF2F025BE849D00E2DB8F = {
						CreatedOnToolsVersion = 11.7;
					};
				};
			};
			buildConfigurationList = 66DFF2EC25BE849D00E2DB8F /* Build configuration list for PBXProject "Theme Park Design" */;
			compatibilityVersion = "Xcode 9.3";
			developmentRegion = en;
			hasScannedForEncodings = 0;
			knownRegions = (
				en,
				Base,
			);
			mainGroup = 66DFF2E825BE849D00E2DB8F;
			productRefGroup = 66DFF2F225BE849D00E2DB8F /* Products */;
			projectDirPath = "";
			projectRoot = "";
			targets = (
				66DFF2F025BE849D00E2DB8F /* Theme Park Design */,
			);
		};
/* End PBXProject section */

/* Begin PBXResourcesBuildPhase section */
		66DFF2EF25BE849D00E2DB8F /* Resources */ = {
			isa = PBXResourcesBuildPhase;
			buildActionMask = 2147483647;
			files = (
				66DFF30125BE84A000E2DB8F /* LaunchScreen.storyboard in Resources */,
				66DFF2FE25BE84A000E2DB8F /* Assets.xcassets in Resources */,
				66BF8DED25BEAD9B00C1256B /* giphy.gif in Resources */,
				66DFF2FC25BE849D00E2DB8F /* Main.storyboard in Resources */,
			);
			runOnlyForDeploymentPostprocessing = 0;
		};
/* End PBXResourcesBuildPhase section */

/* Begin PBXSourcesBuildPhase section */
		66DFF2ED25BE849D00E2DB8F /* Sources */ = {
			isa = PBXSourcesBuildPhase;
			buildActionMask = 2147483647;
			files = (
				66DFF2F925BE849D00E2DB8F /* ViewController.swift in Sources */,
				66DFF2F525BE849D00E2DB8F /* AppDelegate.swift in Sources */,
				66DFF2F725BE849D00E2DB8F /* SceneDelegate.swift in Sources */,
			);
			runOnlyForDeploymentPostprocessing = 0;
		};
/* End PBXSourcesBuildPhase section */

/* Begin PBXVariantGroup section */
		66DFF2FA25BE849D00E2DB8F /* Main.storyboard */ = {
			isa = PBXVariantGroup;
			children = (
				66DFF2FB25BE849D00E2DB8F /* Base */,
			);
			name = Main.storyboard;
			sourceTree = "<group>";
		};
		66DFF2FF25BE84A000E2DB8F /* LaunchScreen.storyboard */ = {
			isa = PBXVariantGroup;
			children = (
				66DFF30025BE84A000E2DB8F /* Base */,
			);
			name = LaunchScreen.storyboard;
			sourceTree = "<group>";
		};
/* End PBXVariantGroup section */

/* Begin XCBuildConfiguration section */
		66DFF30325BE84A000E2DB8F /* Debug */ = {
			isa = XCBuildConfiguration;
			buildSettings = {
				ALWAYS_SEARCH_USER_PATHS = NO;
				CLANG_ANALYZER_NONNULL = YES;
				CLANG_ANALYZER_NUMBER_OBJECT_CONVERSION = YES_AGGRESSIVE;
				CLANG_CXX_LANGUAGE_STANDARD = "gnu++14";
				CLANG_CXX_LIBRARY = "libc++";
				CLANG_ENABLE_MODULES = YES;
				CLANG_ENABLE_OBJC_ARC = YES;
				CLANG_ENABLE_OBJC_WEAK = YES;
				CLANG_WARN_BLOCK_CAPTURE_AUTORELEASING = YES;
				CLANG_WARN_BOOL_CONVERSION = YES;
				CLANG_WARN_COMMA = YES;
				CLANG_WARN_CONSTANT_CONVERSION = YES;
				CLANG_WARN_DEPRECATED_OBJC_IMPLEMENTATIONS = YES;
				CLANG_WARN_DIRECT_OBJC_ISA_USAGE = YES_ERROR;
				CLANG_WARN_DOCUMENTATION_COMMENTS = YES;
				CLANG_WARN_EMPTY_BODY = YES;
				CLANG_WARN_ENUM_CONVERSION = YES;
				CLANG_WARN_INFINITE_RECURSION = YES;
				CLANG_WARN_INT_CONVERSION = YES;
				CLANG_WARN_NON_LITERAL_NULL_CONVERSION = YES;
				CLANG_WARN_OBJC_IMPLICIT_RETAIN_SELF = YES;
				CLANG_WARN_OBJC_LITERAL_CONVERSION = YES;
				CLANG_WARN_OBJC_ROOT_CLASS = YES_ERROR;
				CLANG_WARN_RANGE_LOOP_ANALYSIS = YES;
				CLANG_WARN_STRICT_PROTOTYPES = YES;
				CLANG_WARN_SUSPICIOUS_MOVE = YES;
				CLANG_WARN_UNGUARDED_AVAILABILITY = YES_AGGRESSIVE;
				CLANG_WARN_UNREACHABLE_CODE = YES;
				CLANG_WARN__DUPLICATE_METHOD_MATCH = YES;
				COPY_PHASE_STRIP = NO;
				DEBUG_INFORMATION_FORMAT = dwarf;
				ENABLE_STRICT_OBJC_MSGSEND = YES;
				ENABLE_TESTABILITY = YES;
				GCC_C_LANGUAGE_STANDARD = gnu11;
				GCC_DYNAMIC_NO_PIC = NO;
				GCC_NO_COMMON_BLOCKS = YES;
				GCC_OPTIMIZATION_LEVEL = 0;
				GCC_PREPROCESSOR_DEFINITIONS = (
					"DEBUG=1",
					"$(inherited)",
				);
				GCC_WARN_64_TO_32_BIT_CONVERSION = YES;
				GCC_WARN_ABOUT_RETURN_TYPE = YES_ERROR;
				GCC_WARN_UNDECLARED_SELECTOR = YES;
				GCC_WARN_UNINITIALIZED_AUTOS = YES_AGGRESSIVE;
				GCC_WARN_UNUSED_FUNCTION = YES;
				GCC_WARN_UNUSED_VARIABLE = YES;
				IPHONEOS_DEPLOYMENT_TARGET = 13.7;
				MTL_ENABLE_DEBUG_INFO = INCLUDE_SOURCE;
				MTL_FAST_MATH = YES;
				ONLY_ACTIVE_ARCH = YES;
				SDKROOT = iphoneos;
				SWIFT_ACTIVE_COMPILATION_CONDITIONS = DEBUG;
				SWIFT_OPTIMIZATION_LEVEL = "-Onone";
			};
			name = Debug;
		};
		66DFF30425BE84A000E2DB8F /* Release */ = {
			isa = XCBuildConfiguration;
			buildSettings = {
				ALWAYS_SEARCH_USER_PATHS = NO;
				CLANG_ANALYZER_NONNULL = YES;
				CLANG_ANALYZER_NUMBER_OBJECT_CONVERSION = YES_AGGRESSIVE;
				CLANG_CXX_LANGUAGE_STANDARD = "gnu++14";
				CLANG_CXX_LIBRARY = "libc++";
				CLANG_ENABLE_MODULES = YES;
				CLANG_ENABLE_OBJC_ARC = YES;
				CLANG_ENABLE_OBJC_WEAK = YES;
				CLANG_WARN_BLOCK_CAPTURE_AUTORELEASING = YES;
				CLANG_WARN_BOOL_CONVERSION = YES;
				CLANG_WARN_COMMA = YES;
				CLANG_WARN_CONSTANT_CONVERSION = YES;
				CLANG_WARN_DEPRECATED_OBJC_IMPLEMENTATIONS = YES;
				CLANG_WARN_DIRECT_OBJC_ISA_USAGE = YES_ERROR;
				CLANG_WARN_DOCUMENTATION_COMMENTS = YES;
				CLANG_WARN_EMPTY_BODY = YES;
				CLANG_WARN_ENUM_CONVERSION = YES;
				CLANG_WARN_INFINITE_RECURSION = YES;
				CLANG_WARN_INT_CONVERSION = YES;
				CLANG_WARN_NON_LITERAL_NULL_CONVERSION = YES;
				CLANG_WARN_OBJC_IMPLICIT_RETAIN_SELF = YES;
				CLANG_WARN_OBJC_LITERAL_CONVERSION = YES;
				CLANG_WARN_OBJC_ROOT_CLASS = YES_ERROR;
				CLANG_WARN_RANGE_LOOP_ANALYSIS = YES;
				CLANG_WARN_STRICT_PROTOTYPES = YES;
				CLANG_WARN_SUSPICIOUS_MOVE = YES;
				CLANG_WARN_UNGUARDED_AVAILABILITY = YES_AGGRESSIVE;
				CLANG_WARN_UNREACHABLE_CODE = YES;
				CLANG_WARN__DUPLICATE_METHOD_MATCH = YES;
				COPY_PHASE_STRIP = NO;
				DEBUG_INFORMATION_FORMAT = "dwarf-with-dsym";
				ENABLE_NS_ASSERTIONS = NO;
				ENABLE_STRICT_OBJC_MSGSEND = YES;
				GCC_C_LANGUAGE_STANDARD = gnu11;
				GCC_NO_COMMON_BLOCKS = YES;
				GCC_WARN_64_TO_32_BIT_CONVERSION = YES;
				GCC_WARN_ABOUT_RETURN_TYPE = YES_ERROR;
				GCC_WARN_UNDECLARED_SELECTOR = YES;
				GCC_WARN_UNINITIALIZED_AUTOS = YES_AGGRESSIVE;
				GCC_WARN_UNUSED_FUNCTION = YES;
				GCC_WARN_UNUSED_VARIABLE = YES;
				IPHONEOS_DEPLOYMENT_TARGET = 13.7;
				MTL_ENABLE_DEBUG_INFO = NO;
				MTL_FAST_MATH = YES;
				SDKROOT = iphoneos;
				SWIFT_COMPILATION_MODE = wholemodule;
				SWIFT_OPTIMIZATION_LEVEL = "-O";
				VALIDATE_PRODUCT = YES;
			};
			name = Release;
		};
		66DFF30625BE84A000E2DB8F /* Debug */ = {
			isa = XCBuildConfiguration;
			buildSettings = {
				ASSETCATALOG_COMPILER_APPICON_NAME = AppIcon;
				CODE_SIGN_STYLE = Automatic;
				INFOPLIST_FILE = "Theme Park Design/Info.plist";
				LD_RUNPATH_SEARCH_PATHS = (
					"$(inherited)",
					"@executable_path/Frameworks",
				);
				PRODUCT_BUNDLE_IDENTIFIER = "ivymobility.Theme-Park-Design";
				PRODUCT_NAME = "$(TARGET_NAME)";
				SWIFT_VERSION = 5.0;
				TARGETED_DEVICE_FAMILY = "1,2";
			};
			name = Debug;
		};
		66DFF30725BE84A000E2DB8F /* Release */ = {
			isa = XCBuildConfiguration;
			buildSettings = {
				ASSETCATALOG_COMPILER_APPICON_NAME = AppIcon;
				CODE_SIGN_STYLE = Automatic;
				INFOPLIST_FILE = "Theme Park Design/Info.plist";
				LD_RUNPATH_SEARCH_PATHS = (
					"$(inherited)",
					"@executable_path/Frameworks",
				);
				PRODUCT_BUNDLE_IDENTIFIER = "ivymobility.Theme-Park-Design";
				PRODUCT_NAME = "$(TARGET_NAME)";
				SWIFT_VERSION = 5.0;
				TARGETED_DEVICE_FAMILY = "1,2";
			};
			name = Release;
		};
/* End XCBuildConfiguration section */

/* Begin XCConfigurationList section */
		66DFF2EC25BE849D00E2DB8F /* Build configuration list for PBXProject "Theme Park Design" */ = {
			isa = XCConfigurationList;
			buildConfigurations = (
				66DFF30325BE84A000E2DB8F /* Debug */,
				66DFF30425BE84A000E2DB8F /* Release */,
			);
			defaultConfigurationIsVisible = 0;
			defaultConfigurationName = Release;
		};
		66DFF30525BE84A000E2DB8F /* Build configuration list for PBXNativeTarget "Theme Park Design" */ = {
			isa = XCConfigurationList;
			buildConfigurations = (
				66DFF30625BE84A000E2DB8F /* Debug */,
				66DFF30725BE84A000E2DB8F /* Release */,
			);
			defaultConfigurationIsVisible = 0;
			defaultConfigurationName = Release;
		};
/* End XCConfigurationList section */
	};
	rootObject = 66DFF2E925BE849D00E2DB8F /* Project object */;
}
