// !$*UTF8*$!
{
	archiveVersion = 1;
	classes = {
	};
	objectVersion = 50;
	objects = {

/* Begin PBXBuildFile section */
		6648DDE22518C7360080F8D8 /* BooleanTypeCell.swift in Sources */ = {isa = PBXBuildFile; fileRef = 6648DDE02518C7360080F8D8 /* BooleanTypeCell.swift */; };
		6648DDE32518C7360080F8D8 /* BooleanTypeCell.xib in Resources */ = {isa = PBXBuildFile; fileRef = 6648DDE12518C7360080F8D8 /* BooleanTypeCell.xib */; };
		6648DDE62518CCAF0080F8D8 /* DecimalTypeCell.swift in Sources */ = {isa = PBXBuildFile; fileRef = 6648DDE42518CCAF0080F8D8 /* DecimalTypeCell.swift */; };
		6648DDE72518CCAF0080F8D8 /* DecimalTypeCell.xib in Resources */ = {isa = PBXBuildFile; fileRef = 6648DDE52518CCAF0080F8D8 /* DecimalTypeCell.xib */; };
		6648DDEB2518DD8E0080F8D8 /* DateTypeCell.swift in Sources */ = {isa = PBXBuildFile; fileRef = 6648DDE92518DD8E0080F8D8 /* DateTypeCell.swift */; };
		6648DDEC2518DD8E0080F8D8 /* DateTypeCell.xib in Resources */ = {isa = PBXBuildFile; fileRef = 6648DDEA2518DD8E0080F8D8 /* DateTypeCell.xib */; };
		6648DDF12518DE9D0080F8D8 /* NumberTypeCell.swift in Sources */ = {isa = PBXBuildFile; fileRef = 6648DDEF2518DE9D0080F8D8 /* NumberTypeCell.swift */; };
		6648DDF22518DE9D0080F8D8 /* NumberTypeCell.xib in Resources */ = {isa = PBXBuildFile; fileRef = 6648DDF02518DE9D0080F8D8 /* NumberTypeCell.xib */; };
		6648DDF52518E10C0080F8D8 /* TextTypeCell.swift in Sources */ = {isa = PBXBuildFile; fileRef = 6648DDF32518E10C0080F8D8 /* TextTypeCell.swift */; };
		6648DDF62518E10C0080F8D8 /* TextTypeCell.xib in Resources */ = {isa = PBXBuildFile; fileRef = 6648DDF42518E10C0080F8D8 /* TextTypeCell.xib */; };
		66667FC625189B670026E752 /* AppDelegate.swift in Sources */ = {isa = PBXBuildFile; fileRef = 66667FC525189B670026E752 /* AppDelegate.swift */; };
		66667FC825189B670026E752 /* SceneDelegate.swift in Sources */ = {isa = PBXBuildFile; fileRef = 66667FC725189B670026E752 /* SceneDelegate.swift */; };
		66667FCA25189B670026E752 /* ViewController.swift in Sources */ = {isa = PBXBuildFile; fileRef = 66667FC925189B670026E752 /* ViewController.swift */; };
		66667FCD25189B670026E752 /* Main.storyboard in Resources */ = {isa = PBXBuildFile; fileRef = 66667FCB25189B670026E752 /* Main.storyboard */; };
		66667FCF25189B6C0026E752 /* Assets.xcassets in Resources */ = {isa = PBXBuildFile; fileRef = 66667FCE25189B6C0026E752 /* Assets.xcassets */; };
		66667FD225189B6C0026E752 /* LaunchScreen.storyboard in Resources */ = {isa = PBXBuildFile; fileRef = 66667FD025189B6C0026E752 /* LaunchScreen.storyboard */; };
		66667FDB25189BD50026E752 /* CGDisplayableCell.swift in Sources */ = {isa = PBXBuildFile; fileRef = 66667FD925189BD40026E752 /* CGDisplayableCell.swift */; };
		66667FDC25189BD50026E752 /* CGDisplayableCell.xib in Resources */ = {isa = PBXBuildFile; fileRef = 66667FDA25189BD50026E752 /* CGDisplayableCell.xib */; };
		66667FDF25189D250026E752 /* TypeOne.swift in Sources */ = {isa = PBXBuildFile; fileRef = 66667FDD25189D250026E752 /* TypeOne.swift */; };
		66667FE025189D250026E752 /* TypeOne.xib in Resources */ = {isa = PBXBuildFile; fileRef = 66667FDE25189D250026E752 /* TypeOne.xib */; };
/* End PBXBuildFile section */

/* Begin PBXFileReference section */
		6648DDE02518C7360080F8D8 /* BooleanTypeCell.swift */ = {isa = PBXFileReference; fileEncoding = 4; lastKnownFileType = sourcecode.swift; path = BooleanTypeCell.swift; sourceTree = "<group>"; };
		6648DDE12518C7360080F8D8 /* BooleanTypeCell.xib */ = {isa = PBXFileReference; fileEncoding = 4; lastKnownFileType = file.xib; path = BooleanTypeCell.xib; sourceTree = "<group>"; };
		6648DDE42518CCAF0080F8D8 /* DecimalTypeCell.swift */ = {isa = PBXFileReference; lastKnownFileType = sourcecode.swift; path = DecimalTypeCell.swift; sourceTree = "<group>"; };
		6648DDE52518CCAF0080F8D8 /* DecimalTypeCell.xib */ = {isa = PBXFileReference; lastKnownFileType = file.xib; path = DecimalTypeCell.xib; sourceTree = "<group>"; };
		6648DDE92518DD8E0080F8D8 /* DateTypeCell.swift */ = {isa = PBXFileReference; lastKnownFileType = sourcecode.swift; path = DateTypeCell.swift; sourceTree = "<group>"; };
		6648DDEA2518DD8E0080F8D8 /* DateTypeCell.xib */ = {isa = PBXFileReference; lastKnownFileType = file.xib; path = DateTypeCell.xib; sourceTree = "<group>"; };
		6648DDEF2518DE9D0080F8D8 /* NumberTypeCell.swift */ = {isa = PBXFileReference; lastKnownFileType = sourcecode.swift; path = NumberTypeCell.swift; sourceTree = "<group>"; };
		6648DDF02518DE9D0080F8D8 /* NumberTypeCell.xib */ = {isa = PBXFileReference; lastKnownFileType = file.xib; path = NumberTypeCell.xib; sourceTree = "<group>"; };
		6648DDF32518E10C0080F8D8 /* TextTypeCell.swift */ = {isa = PBXFileReference; lastKnownFileType = sourcecode.swift; path = TextTypeCell.swift; sourceTree = "<group>"; };
		6648DDF42518E10C0080F8D8 /* TextTypeCell.xib */ = {isa = PBXFileReference; lastKnownFileType = file.xib; path = TextTypeCell.xib; sourceTree = "<group>"; };
		66667FC225189B670026E752 /* UICollectionViewSample.app */ = {isa = PBXFileReference; explicitFileType = wrapper.application; includeInIndex = 0; path = UICollectionViewSample.app; sourceTree = BUILT_PRODUCTS_DIR; };
		66667FC525189B670026E752 /* AppDelegate.swift */ = {isa = PBXFileReference; lastKnownFileType = sourcecode.swift; path = AppDelegate.swift; sourceTree = "<group>"; };
		66667FC725189B670026E752 /* SceneDelegate.swift */ = {isa = PBXFileReference; lastKnownFileType = sourcecode.swift; path = SceneDelegate.swift; sourceTree = "<group>"; };
		66667FC925189B670026E752 /* ViewController.swift */ = {isa = PBXFileReference; lastKnownFileType = sourcecode.swift; path = ViewController.swift; sourceTree = "<group>"; };
		66667FCC25189B670026E752 /* Base */ = {isa = PBXFileReference; lastKnownFileType = file.storyboard; name = Base; path = Base.lproj/Main.storyboard; sourceTree = "<group>"; };
		66667FCE25189B6C0026E752 /* Assets.xcassets */ = {isa = PBXFileReference; lastKnownFileType = folder.assetcatalog; path = Assets.xcassets; sourceTree = "<group>"; };
		66667FD125189B6C0026E752 /* Base */ = {isa = PBXFileReference; lastKnownFileType = file.storyboard; name = Base; path = Base.lproj/LaunchScreen.storyboard; sourceTree = "<group>"; };
		66667FD325189B6C0026E752 /* Info.plist */ = {isa = PBXFileReference; lastKnownFileType = text.plist.xml; path = Info.plist; sourceTree = "<group>"; };
		66667FD925189BD40026E752 /* CGDisplayableCell.swift */ = {isa = PBXFileReference; fileEncoding = 4; lastKnownFileType = sourcecode.swift; path = CGDisplayableCell.swift; sourceTree = "<group>"; };
		66667FDA25189BD50026E752 /* CGDisplayableCell.xib */ = {isa = PBXFileReference; fileEncoding = 4; lastKnownFileType = file.xib; path = CGDisplayableCell.xib; sourceTree = "<group>"; };
		66667FDD25189D250026E752 /* TypeOne.swift */ = {isa = PBXFileReference; lastKnownFileType = sourcecode.swift; path = TypeOne.swift; sourceTree = "<group>"; };
		66667FDE25189D250026E752 /* TypeOne.xib */ = {isa = PBXFileReference; lastKnownFileType = file.xib; path = TypeOne.xib; sourceTree = "<group>"; };
/* End PBXFileReference section */

/* Begin PBXFrameworksBuildPhase section */
		66667FBF25189B670026E752 /* Frameworks */ = {
			isa = PBXFrameworksBuildPhase;
			buildActionMask = 2147483647;
			files = (
			);
			runOnlyForDeploymentPostprocessing = 0;
		};
/* End PBXFrameworksBuildPhase section */

/* Begin PBXGroup section */
		66667FB925189B670026E752 = {
			isa = PBXGroup;
			children = (
				66667FC425189B670026E752 /* UICollectionViewSample */,
				66667FC325189B670026E752 /* Products */,
			);
			sourceTree = "<group>";
		};
		66667FC325189B670026E752 /* Products */ = {
			isa = PBXGroup;
			children = (
				66667FC225189B670026E752 /* UICollectionViewSample.app */,
			);
			name = Products;
			sourceTree = "<group>";
		};
		66667FC425189B670026E752 /* UICollectionViewSample */ = {
			isa = PBXGroup;
			children = (
				66667FD925189BD40026E752 /* CGDisplayableCell.swift */,
				66667FDA25189BD50026E752 /* CGDisplayableCell.xib */,
				66667FC525189B670026E752 /* AppDelegate.swift */,
				66667FC725189B670026E752 /* SceneDelegate.swift */,
				66667FC925189B670026E752 /* ViewController.swift */,
				66667FCB25189B670026E752 /* Main.storyboard */,
				66667FCE25189B6C0026E752 /* Assets.xcassets */,
				66667FD025189B6C0026E752 /* LaunchScreen.storyboard */,
				66667FD325189B6C0026E752 /* Info.plist */,
				66667FDD25189D250026E752 /* TypeOne.swift */,
				66667FDE25189D250026E752 /* TypeOne.xib */,
				6648DDE02518C7360080F8D8 /* BooleanTypeCell.swift */,
				6648DDE12518C7360080F8D8 /* BooleanTypeCell.xib */,
				6648DDE42518CCAF0080F8D8 /* DecimalTypeCell.swift */,
				6648DDE52518CCAF0080F8D8 /* DecimalTypeCell.xib */,
				6648DDE92518DD8E0080F8D8 /* DateTypeCell.swift */,
				6648DDEA2518DD8E0080F8D8 /* DateTypeCell.xib */,
				6648DDEF2518DE9D0080F8D8 /* NumberTypeCell.swift */,
				6648DDF02518DE9D0080F8D8 /* NumberTypeCell.xib */,
				6648DDF32518E10C0080F8D8 /* TextTypeCell.swift */,
				6648DDF42518E10C0080F8D8 /* TextTypeCell.xib */,
			);
			path = UICollectionViewSample;
			sourceTree = "<group>";
		};
/* End PBXGroup section */

/* Begin PBXNativeTarget section */
		66667FC125189B670026E752 /* UICollectionViewSample */ = {
			isa = PBXNativeTarget;
			buildConfigurationList = 66667FD625189B6C0026E752 /* Build configuration list for PBXNativeTarget "UICollectionViewSample" */;
			buildPhases = (
				66667FBE25189B670026E752 /* Sources */,
				66667FBF25189B670026E752 /* Frameworks */,
				66667FC025189B670026E752 /* Resources */,
			);
			buildRules = (
			);
			dependencies = (
			);
			name = UICollectionViewSample;
			productName = UICollectionViewSample;
			productReference = 66667FC225189B670026E752 /* UICollectionViewSample.app */;
			productType = "com.apple.product-type.application";
		};
/* End PBXNativeTarget section */

/* Begin PBXProject section */
		66667FBA25189B670026E752 /* Project object */ = {
			isa = PBXProject;
			attributes = {
				LastSwiftUpdateCheck = 1170;
				LastUpgradeCheck = 1170;
				ORGANIZATIONNAME = "Sunitha Balasubramanian";
				TargetAttributes = {
					66667FC125189B670026E752 = {
						CreatedOnToolsVersion = 11.7;
					};
				};
			};
			buildConfigurationList = 66667FBD25189B670026E752 /* Build configuration list for PBXProject "UICollectionViewSample" */;
			compatibilityVersion = "Xcode 9.3";
			developmentRegion = en;
			hasScannedForEncodings = 0;
			knownRegions = (
				en,
				Base,
			);
			mainGroup = 66667FB925189B670026E752;
			productRefGroup = 66667FC325189B670026E752 /* Products */;
			projectDirPath = "";
			projectRoot = "";
			targets = (
				66667FC125189B670026E752 /* UICollectionViewSample */,
			);
		};
/* End PBXProject section */

/* Begin PBXResourcesBuildPhase section */
		66667FC025189B670026E752 /* Resources */ = {
			isa = PBXResourcesBuildPhase;
			buildActionMask = 2147483647;
			files = (
				66667FE025189D250026E752 /* TypeOne.xib in Resources */,
				6648DDEC2518DD8E0080F8D8 /* DateTypeCell.xib in Resources */,
				6648DDE72518CCAF0080F8D8 /* DecimalTypeCell.xib in Resources */,
				66667FD225189B6C0026E752 /* LaunchScreen.storyboard in Resources */,
				6648DDF62518E10C0080F8D8 /* TextTypeCell.xib in Resources */,
				6648DDF22518DE9D0080F8D8 /* NumberTypeCell.xib in Resources */,
				6648DDE32518C7360080F8D8 /* BooleanTypeCell.xib in Resources */,
				66667FCF25189B6C0026E752 /* Assets.xcassets in Resources */,
				66667FDC25189BD50026E752 /* CGDisplayableCell.xib in Resources */,
				66667FCD25189B670026E752 /* Main.storyboard in Resources */,
			);
			runOnlyForDeploymentPostprocessing = 0;
		};
/* End PBXResourcesBuildPhase section */

/* Begin PBXSourcesBuildPhase section */
		66667FBE25189B670026E752 /* Sources */ = {
			isa = PBXSourcesBuildPhase;
			buildActionMask = 2147483647;
			files = (
				6648DDF52518E10C0080F8D8 /* TextTypeCell.swift in Sources */,
				6648DDE22518C7360080F8D8 /* BooleanTypeCell.swift in Sources */,
				6648DDE62518CCAF0080F8D8 /* DecimalTypeCell.swift in Sources */,
				66667FCA25189B670026E752 /* ViewController.swift in Sources */,
				66667FC625189B670026E752 /* AppDelegate.swift in Sources */,
				66667FDB25189BD50026E752 /* CGDisplayableCell.swift in Sources */,
				6648DDF12518DE9D0080F8D8 /* NumberTypeCell.swift in Sources */,
				6648DDEB2518DD8E0080F8D8 /* DateTypeCell.swift in Sources */,
				66667FDF25189D250026E752 /* TypeOne.swift in Sources */,
				66667FC825189B670026E752 /* SceneDelegate.swift in Sources */,
			);
			runOnlyForDeploymentPostprocessing = 0;
		};
/* End PBXSourcesBuildPhase section */

/* Begin PBXVariantGroup section */
		66667FCB25189B670026E752 /* Main.storyboard */ = {
			isa = PBXVariantGroup;
			children = (
				66667FCC25189B670026E752 /* Base */,
			);
			name = Main.storyboard;
			sourceTree = "<group>";
		};
		66667FD025189B6C0026E752 /* LaunchScreen.storyboard */ = {
			isa = PBXVariantGroup;
			children = (
				66667FD125189B6C0026E752 /* Base */,
			);
			name = LaunchScreen.storyboard;
			sourceTree = "<group>";
		};
/* End PBXVariantGroup section */

/* Begin XCBuildConfiguration section */
		66667FD425189B6C0026E752 /* Debug */ = {
			isa = XCBuildConfiguration;
			buildSettings = {
				ALWAYS_SEARCH_USER_PATHS = NO;
				CLANG_ANALYZER_NONNULL = YES;
				CLANG_ANALYZER_NUMBER_OBJECT_CONVERSION = YES_AGGRESSIVE;
				CLANG_CXX_LANGUAGE_STANDARD = "gnu++14";
				CLANG_CXX_LIBRARY = "libc++";
				CLANG_ENABLE_MODULES = YES;
				CLANG_ENABLE_OBJC_ARC = YES;
				CLANG_ENABLE_OBJC_WEAK = YES;
				CLANG_WARN_BLOCK_CAPTURE_AUTORELEASING = YES;
				CLANG_WARN_BOOL_CONVERSION = YES;
				CLANG_WARN_COMMA = YES;
				CLANG_WARN_CONSTANT_CONVERSION = YES;
				CLANG_WARN_DEPRECATED_OBJC_IMPLEMENTATIONS = YES;
				CLANG_WARN_DIRECT_OBJC_ISA_USAGE = YES_ERROR;
				CLANG_WARN_DOCUMENTATION_COMMENTS = YES;
				CLANG_WARN_EMPTY_BODY = YES;
				CLANG_WARN_ENUM_CONVERSION = YES;
				CLANG_WARN_INFINITE_RECURSION = YES;
				CLANG_WARN_INT_CONVERSION = YES;
				CLANG_WARN_NON_LITERAL_NULL_CONVERSION = YES;
				CLANG_WARN_OBJC_IMPLICIT_RETAIN_SELF = YES;
				CLANG_WARN_OBJC_LITERAL_CONVERSION = YES;
				CLANG_WARN_OBJC_ROOT_CLASS = YES_ERROR;
				CLANG_WARN_RANGE_LOOP_ANALYSIS = YES;
				CLANG_WARN_STRICT_PROTOTYPES = YES;
				CLANG_WARN_SUSPICIOUS_MOVE = YES;
				CLANG_WARN_UNGUARDED_AVAILABILITY = YES_AGGRESSIVE;
				CLANG_WARN_UNREACHABLE_CODE = YES;
				CLANG_WARN__DUPLICATE_METHOD_MATCH = YES;
				COPY_PHASE_STRIP = NO;
				DEBUG_INFORMATION_FORMAT = dwarf;
				ENABLE_STRICT_OBJC_MSGSEND = YES;
				ENABLE_TESTABILITY = YES;
				GCC_C_LANGUAGE_STANDARD = gnu11;
				GCC_DYNAMIC_NO_PIC = NO;
				GCC_NO_COMMON_BLOCKS = YES;
				GCC_OPTIMIZATION_LEVEL = 0;
				GCC_PREPROCESSOR_DEFINITIONS = (
					"DEBUG=1",
					"$(inherited)",
				);
				GCC_WARN_64_TO_32_BIT_CONVERSION = YES;
				GCC_WARN_ABOUT_RETURN_TYPE = YES_ERROR;
				GCC_WARN_UNDECLARED_SELECTOR = YES;
				GCC_WARN_UNINITIALIZED_AUTOS = YES_AGGRESSIVE;
				GCC_WARN_UNUSED_FUNCTION = YES;
				GCC_WARN_UNUSED_VARIABLE = YES;
				IPHONEOS_DEPLOYMENT_TARGET = 13.7;
				MTL_ENABLE_DEBUG_INFO = INCLUDE_SOURCE;
				MTL_FAST_MATH = YES;
				ONLY_ACTIVE_ARCH = YES;
				SDKROOT = iphoneos;
				SWIFT_ACTIVE_COMPILATION_CONDITIONS = DEBUG;
				SWIFT_OPTIMIZATION_LEVEL = "-Onone";
			};
			name = Debug;
		};
		66667FD525189B6C0026E752 /* Release */ = {
			isa = XCBuildConfiguration;
			buildSettings = {
				ALWAYS_SEARCH_USER_PATHS = NO;
				CLANG_ANALYZER_NONNULL = YES;
				CLANG_ANALYZER_NUMBER_OBJECT_CONVERSION = YES_AGGRESSIVE;
				CLANG_CXX_LANGUAGE_STANDARD = "gnu++14";
				CLANG_CXX_LIBRARY = "libc++";
				CLANG_ENABLE_MODULES = YES;
				CLANG_ENABLE_OBJC_ARC = YES;
				CLANG_ENABLE_OBJC_WEAK = YES;
				CLANG_WARN_BLOCK_CAPTURE_AUTORELEASING = YES;
				CLANG_WARN_BOOL_CONVERSION = YES;
				CLANG_WARN_COMMA = YES;
				CLANG_WARN_CONSTANT_CONVERSION = YES;
				CLANG_WARN_DEPRECATED_OBJC_IMPLEMENTATIONS = YES;
				CLANG_WARN_DIRECT_OBJC_ISA_USAGE = YES_ERROR;
				CLANG_WARN_DOCUMENTATION_COMMENTS = YES;
				CLANG_WARN_EMPTY_BODY = YES;
				CLANG_WARN_ENUM_CONVERSION = YES;
				CLANG_WARN_INFINITE_RECURSION = YES;
				CLANG_WARN_INT_CONVERSION = YES;
				CLANG_WARN_NON_LITERAL_NULL_CONVERSION = YES;
				CLANG_WARN_OBJC_IMPLICIT_RETAIN_SELF = YES;
				CLANG_WARN_OBJC_LITERAL_CONVERSION = YES;
				CLANG_WARN_OBJC_ROOT_CLASS = YES_ERROR;
				CLANG_WARN_RANGE_LOOP_ANALYSIS = YES;
				CLANG_WARN_STRICT_PROTOTYPES = YES;
				CLANG_WARN_SUSPICIOUS_MOVE = YES;
				CLANG_WARN_UNGUARDED_AVAILABILITY = YES_AGGRESSIVE;
				CLANG_WARN_UNREACHABLE_CODE = YES;
				CLANG_WARN__DUPLICATE_METHOD_MATCH = YES;
				COPY_PHASE_STRIP = NO;
				DEBUG_INFORMATION_FORMAT = "dwarf-with-dsym";
				ENABLE_NS_ASSERTIONS = NO;
				ENABLE_STRICT_OBJC_MSGSEND = YES;
				GCC_C_LANGUAGE_STANDARD = gnu11;
				GCC_NO_COMMON_BLOCKS = YES;
				GCC_WARN_64_TO_32_BIT_CONVERSION = YES;
				GCC_WARN_ABOUT_RETURN_TYPE = YES_ERROR;
				GCC_WARN_UNDECLARED_SELECTOR = YES;
				GCC_WARN_UNINITIALIZED_AUTOS = YES_AGGRESSIVE;
				GCC_WARN_UNUSED_FUNCTION = YES;
				GCC_WARN_UNUSED_VARIABLE = YES;
				IPHONEOS_DEPLOYMENT_TARGET = 13.7;
				MTL_ENABLE_DEBUG_INFO = NO;
				MTL_FAST_MATH = YES;
				SDKROOT = iphoneos;
				SWIFT_COMPILATION_MODE = wholemodule;
				SWIFT_OPTIMIZATION_LEVEL = "-O";
				VALIDATE_PRODUCT = YES;
			};
			name = Release;
		};
		66667FD725189B6C0026E752 /* Debug */ = {
			isa = XCBuildConfiguration;
			buildSettings = {
				ASSETCATALOG_COMPILER_APPICON_NAME = AppIcon;
				CODE_SIGN_STYLE = Automatic;
				INFOPLIST_FILE = UICollectionViewSample/Info.plist;
				IPHONEOS_DEPLOYMENT_TARGET = 13.7;
				LD_RUNPATH_SEARCH_PATHS = (
					"$(inherited)",
					"@executable_path/Frameworks",
				);
				PRODUCT_BUNDLE_IDENTIFIER = ivymobility.UICollectionViewSample;
				PRODUCT_NAME = "$(TARGET_NAME)";
				SWIFT_VERSION = 5.0;
				TARGETED_DEVICE_FAMILY = "1,2";
			};
			name = Debug;
		};
		66667FD825189B6C0026E752 /* Release */ = {
			isa = XCBuildConfiguration;
			buildSettings = {
				ASSETCATALOG_COMPILER_APPICON_NAME = AppIcon;
				CODE_SIGN_STYLE = Automatic;
				INFOPLIST_FILE = UICollectionViewSample/Info.plist;
				IPHONEOS_DEPLOYMENT_TARGET = 13.7;
				LD_RUNPATH_SEARCH_PATHS = (
					"$(inherited)",
					"@executable_path/Frameworks",
				);
				PRODUCT_BUNDLE_IDENTIFIER = ivymobility.UICollectionViewSample;
				PRODUCT_NAME = "$(TARGET_NAME)";
				SWIFT_VERSION = 5.0;
				TARGETED_DEVICE_FAMILY = "1,2";
			};
			name = Release;
		};
/* End XCBuildConfiguration section */

/* Begin XCConfigurationList section */
		66667FBD25189B670026E752 /* Build configuration list for PBXProject "UICollectionViewSample" */ = {
			isa = XCConfigurationList;
			buildConfigurations = (
				66667FD425189B6C0026E752 /* Debug */,
				66667FD525189B6C0026E752 /* Release */,
			);
			defaultConfigurationIsVisible = 0;
			defaultConfigurationName = Release;
		};
		66667FD625189B6C0026E752 /* Build configuration list for PBXNativeTarget "UICollectionViewSample" */ = {
			isa = XCConfigurationList;
			buildConfigurations = (
				66667FD725189B6C0026E752 /* Debug */,
				66667FD825189B6C0026E752 /* Release */,
			);
			defaultConfigurationIsVisible = 0;
			defaultConfigurationName = Release;
		};
/* End XCConfigurationList section */
	};
	rootObject = 66667FBA25189B670026E752 /* Project object */;
}
